// !$*UTF8*$!
{
	archiveVersion = 1;
	classes = {
	};
	objectVersion = 50;
	objects = {

/* Begin PBXBuildFile section */
		DFE240A023373658008DAC8B /* AppDelegate.swift in Sources */ = {isa = PBXBuildFile; fileRef = DFE2409F23373658008DAC8B /* AppDelegate.swift */; };
		DFE240A223373658008DAC8B /* SceneDelegate.swift in Sources */ = {isa = PBXBuildFile; fileRef = DFE240A123373658008DAC8B /* SceneDelegate.swift */; };
		DFE240A423373659008DAC8B /* ContentView.swift in Sources */ = {isa = PBXBuildFile; fileRef = DFE240A323373659008DAC8B /* ContentView.swift */; };
		DFE240A62337366C008DAC8B /* Assets.xcassets in Resources */ = {isa = PBXBuildFile; fileRef = DFE240A52337366C008DAC8B /* Assets.xcassets */; };
		DFE240A92337366C008DAC8B /* Preview Assets.xcassets in Resources */ = {isa = PBXBuildFile; fileRef = DFE240A82337366C008DAC8B /* Preview Assets.xcassets */; };
		DFE240AC2337366C008DAC8B /* LaunchScreen.storyboard in Resources */ = {isa = PBXBuildFile; fileRef = DFE240AA2337366C008DAC8B /* LaunchScreen.storyboard */; };
		DFE240B72337366D008DAC8B /* DemoAppTests.swift in Sources */ = {isa = PBXBuildFile; fileRef = DFE240B62337366D008DAC8B /* DemoAppTests.swift */; };
		DFE240C22337366D008DAC8B /* DemoAppUITests.swift in Sources */ = {isa = PBXBuildFile; fileRef = DFE240C12337366D008DAC8B /* DemoAppUITests.swift */; };
		F54DA6EB233A040500D3182F /* ItemRow.swift in Sources */ = {isa = PBXBuildFile; fileRef = F54DA6EA233A040500D3182F /* ItemRow.swift */; };
		F54DA6ED233A2F5D00D3182F /* Helper.swift in Sources */ = {isa = PBXBuildFile; fileRef = F54DA6EC233A2F5D00D3182F /* Helper.swift */; };
		F54DA6F1233A2F7A00D3182F /* Menu.swift in Sources */ = {isa = PBXBuildFile; fileRef = F54DA6EE233A2F7900D3182F /* Menu.swift */; };
		F54DA6F2233A2F7A00D3182F /* Order.swift in Sources */ = {isa = PBXBuildFile; fileRef = F54DA6EF233A2F7A00D3182F /* Order.swift */; };
		F54DA6F3233A2F7A00D3182F /* menu.json in Resources */ = {isa = PBXBuildFile; fileRef = F54DA6F0233A2F7A00D3182F /* menu.json */; };
		F54DA6F5233B2C6F00D3182F /* ItemDetail.swift in Sources */ = {isa = PBXBuildFile; fileRef = F54DA6F4233B2C6F00D3182F /* ItemDetail.swift */; };
		F54DA6F7233B3BC300D3182F /* OrderView.swift in Sources */ = {isa = PBXBuildFile; fileRef = F54DA6F6233B3BC300D3182F /* OrderView.swift */; };
		F54DA6F9233B3DC100D3182F /* AppView.swift in Sources */ = {isa = PBXBuildFile; fileRef = F54DA6F8233B3DC100D3182F /* AppView.swift */; };
		F54DA6FB233B3F8200D3182F /* CheckoutView.swift in Sources */ = {isa = PBXBuildFile; fileRef = F54DA6FA233B3F8200D3182F /* CheckoutView.swift */; };
/* End PBXBuildFile section */

/* Begin PBXContainerItemProxy section */
		DFE240B32337366D008DAC8B /* PBXContainerItemProxy */ = {
			isa = PBXContainerItemProxy;
			containerPortal = DFE2409423373657008DAC8B /* Project object */;
			proxyType = 1;
			remoteGlobalIDString = DFE2409B23373658008DAC8B;
			remoteInfo = DemoApp;
		};
		DFE240BE2337366D008DAC8B /* PBXContainerItemProxy */ = {
			isa = PBXContainerItemProxy;
			containerPortal = DFE2409423373657008DAC8B /* Project object */;
			proxyType = 1;
			remoteGlobalIDString = DFE2409B23373658008DAC8B;
			remoteInfo = DemoApp;
		};
/* End PBXContainerItemProxy section */

/* Begin PBXFileReference section */
		DFE2409C23373658008DAC8B /* DemoApp.app */ = {isa = PBXFileReference; explicitFileType = wrapper.application; includeInIndex = 0; path = DemoApp.app; sourceTree = BUILT_PRODUCTS_DIR; };
		DFE2409F23373658008DAC8B /* AppDelegate.swift */ = {isa = PBXFileReference; lastKnownFileType = sourcecode.swift; path = AppDelegate.swift; sourceTree = "<group>"; };
		DFE240A123373658008DAC8B /* SceneDelegate.swift */ = {isa = PBXFileReference; lastKnownFileType = sourcecode.swift; path = SceneDelegate.swift; sourceTree = "<group>"; };
		DFE240A323373659008DAC8B /* ContentView.swift */ = {isa = PBXFileReference; lastKnownFileType = sourcecode.swift; path = ContentView.swift; sourceTree = "<group>"; };
		DFE240A52337366C008DAC8B /* Assets.xcassets */ = {isa = PBXFileReference; lastKnownFileType = folder.assetcatalog; path = Assets.xcassets; sourceTree = "<group>"; };
		DFE240A82337366C008DAC8B /* Preview Assets.xcassets */ = {isa = PBXFileReference; lastKnownFileType = folder.assetcatalog; path = "Preview Assets.xcassets"; sourceTree = "<group>"; };
		DFE240AB2337366C008DAC8B /* Base */ = {isa = PBXFileReference; lastKnownFileType = file.storyboard; name = Base; path = Base.lproj/LaunchScreen.storyboard; sourceTree = "<group>"; };
		DFE240AD2337366C008DAC8B /* Info.plist */ = {isa = PBXFileReference; lastKnownFileType = text.plist.xml; path = Info.plist; sourceTree = "<group>"; };
		DFE240B22337366D008DAC8B /* DemoAppTests.xctest */ = {isa = PBXFileReference; explicitFileType = wrapper.cfbundle; includeInIndex = 0; path = DemoAppTests.xctest; sourceTree = BUILT_PRODUCTS_DIR; };
		DFE240B62337366D008DAC8B /* DemoAppTests.swift */ = {isa = PBXFileReference; lastKnownFileType = sourcecode.swift; path = DemoAppTests.swift; sourceTree = "<group>"; };
		DFE240B82337366D008DAC8B /* Info.plist */ = {isa = PBXFileReference; lastKnownFileType = text.plist.xml; path = Info.plist; sourceTree = "<group>"; };
		DFE240BD2337366D008DAC8B /* DemoAppUITests.xctest */ = {isa = PBXFileReference; explicitFileType = wrapper.cfbundle; includeInIndex = 0; path = DemoAppUITests.xctest; sourceTree = BUILT_PRODUCTS_DIR; };
		DFE240C12337366D008DAC8B /* DemoAppUITests.swift */ = {isa = PBXFileReference; lastKnownFileType = sourcecode.swift; path = DemoAppUITests.swift; sourceTree = "<group>"; };
		DFE240C32337366D008DAC8B /* Info.plist */ = {isa = PBXFileReference; lastKnownFileType = text.plist.xml; path = Info.plist; sourceTree = "<group>"; };
		F54DA6EA233A040500D3182F /* ItemRow.swift */ = {isa = PBXFileReference; lastKnownFileType = sourcecode.swift; path = ItemRow.swift; sourceTree = "<group>"; };
		F54DA6EC233A2F5D00D3182F /* Helper.swift */ = {isa = PBXFileReference; fileEncoding = 4; lastKnownFileType = sourcecode.swift; path = Helper.swift; sourceTree = "<group>"; };
		F54DA6EE233A2F7900D3182F /* Menu.swift */ = {isa = PBXFileReference; fileEncoding = 4; lastKnownFileType = sourcecode.swift; path = Menu.swift; sourceTree = "<group>"; };
		F54DA6EF233A2F7A00D3182F /* Order.swift */ = {isa = PBXFileReference; fileEncoding = 4; lastKnownFileType = sourcecode.swift; path = Order.swift; sourceTree = "<group>"; };
		F54DA6F0233A2F7A00D3182F /* menu.json */ = {isa = PBXFileReference; fileEncoding = 4; lastKnownFileType = text.json; path = menu.json; sourceTree = "<group>"; };
		F54DA6F4233B2C6F00D3182F /* ItemDetail.swift */ = {isa = PBXFileReference; lastKnownFileType = sourcecode.swift; path = ItemDetail.swift; sourceTree = "<group>"; };
		F54DA6F6233B3BC300D3182F /* OrderView.swift */ = {isa = PBXFileReference; lastKnownFileType = sourcecode.swift; path = OrderView.swift; sourceTree = "<group>"; };
		F54DA6F8233B3DC100D3182F /* AppView.swift */ = {isa = PBXFileReference; lastKnownFileType = sourcecode.swift; path = AppView.swift; sourceTree = "<group>"; };
		F54DA6FA233B3F8200D3182F /* CheckoutView.swift */ = {isa = PBXFileReference; lastKnownFileType = sourcecode.swift; path = CheckoutView.swift; sourceTree = "<group>"; };
/* End PBXFileReference section */

/* Begin PBXFrameworksBuildPhase section */
		DFE2409923373658008DAC8B /* Frameworks */ = {
			isa = PBXFrameworksBuildPhase;
			buildActionMask = 2147483647;
			files = (
			);
			runOnlyForDeploymentPostprocessing = 0;
		};
		DFE240AF2337366D008DAC8B /* Frameworks */ = {
			isa = PBXFrameworksBuildPhase;
			buildActionMask = 2147483647;
			files = (
			);
			runOnlyForDeploymentPostprocessing = 0;
		};
		DFE240BA2337366D008DAC8B /* Frameworks */ = {
			isa = PBXFrameworksBuildPhase;
			buildActionMask = 2147483647;
			files = (
			);
			runOnlyForDeploymentPostprocessing = 0;
		};
/* End PBXFrameworksBuildPhase section */

/* Begin PBXGroup section */
		DFE2409323373657008DAC8B = {
			isa = PBXGroup;
			children = (
				DFE2409E23373658008DAC8B /* DemoApp */,
				DFE240B52337366D008DAC8B /* DemoAppTests */,
				DFE240C02337366D008DAC8B /* DemoAppUITests */,
				DFE2409D23373658008DAC8B /* Products */,
			);
			sourceTree = "<group>";
		};
		DFE2409D23373658008DAC8B /* Products */ = {
			isa = PBXGroup;
			children = (
				DFE2409C23373658008DAC8B /* DemoApp.app */,
				DFE240B22337366D008DAC8B /* DemoAppTests.xctest */,
				DFE240BD2337366D008DAC8B /* DemoAppUITests.xctest */,
			);
			name = Products;
			sourceTree = "<group>";
		};
		DFE2409E23373658008DAC8B /* DemoApp */ = {
			isa = PBXGroup;
			children = (
				DFE2409F23373658008DAC8B /* AppDelegate.swift */,
				DFE240A123373658008DAC8B /* SceneDelegate.swift */,
				DFE240A323373659008DAC8B /* ContentView.swift */,
				F54DA6EA233A040500D3182F /* ItemRow.swift */,
				F54DA6F4233B2C6F00D3182F /* ItemDetail.swift */,
				F54DA6F6233B3BC300D3182F /* OrderView.swift */,
				F54DA6F8233B3DC100D3182F /* AppView.swift */,
				DFE240A52337366C008DAC8B /* Assets.xcassets */,
				F54DA6EC233A2F5D00D3182F /* Helper.swift */,
				DFE240AA2337366C008DAC8B /* LaunchScreen.storyboard */,
				F54DA6F0233A2F7A00D3182F /* menu.json */,
				F54DA6FA233B3F8200D3182F /* CheckoutView.swift */,
				F54DA6EE233A2F7900D3182F /* Menu.swift */,
				F54DA6EF233A2F7A00D3182F /* Order.swift */,
				DFE240AD2337366C008DAC8B /* Info.plist */,
				DFE240A72337366C008DAC8B /* Preview Content */,
			);
			path = DemoApp;
			sourceTree = "<group>";
		};
		DFE240A72337366C008DAC8B /* Preview Content */ = {
			isa = PBXGroup;
			children = (
				DFE240A82337366C008DAC8B /* Preview Assets.xcassets */,
			);
			path = "Preview Content";
			sourceTree = "<group>";
		};
		DFE240B52337366D008DAC8B /* DemoAppTests */ = {
			isa = PBXGroup;
			children = (
				DFE240B62337366D008DAC8B /* DemoAppTests.swift */,
				DFE240B82337366D008DAC8B /* Info.plist */,
			);
			path = DemoAppTests;
			sourceTree = "<group>";
		};
		DFE240C02337366D008DAC8B /* DemoAppUITests */ = {
			isa = PBXGroup;
			children = (
				DFE240C12337366D008DAC8B /* DemoAppUITests.swift */,
				DFE240C32337366D008DAC8B /* Info.plist */,
			);
			path = DemoAppUITests;
			sourceTree = "<group>";
		};
/* End PBXGroup section */

/* Begin PBXNativeTarget section */
		DFE2409B23373658008DAC8B /* DemoApp */ = {
			isa = PBXNativeTarget;
			buildConfigurationList = DFE240C62337366D008DAC8B /* Build configuration list for PBXNativeTarget "DemoApp" */;
			buildPhases = (
				DFE2409823373658008DAC8B /* Sources */,
				DFE2409923373658008DAC8B /* Frameworks */,
				DFE2409A23373658008DAC8B /* Resources */,
			);
			buildRules = (
			);
			dependencies = (
			);
			name = DemoApp;
			productName = DemoApp;
			productReference = DFE2409C23373658008DAC8B /* DemoApp.app */;
			productType = "com.apple.product-type.application";
		};
		DFE240B12337366D008DAC8B /* DemoAppTests */ = {
			isa = PBXNativeTarget;
			buildConfigurationList = DFE240C92337366D008DAC8B /* Build configuration list for PBXNativeTarget "DemoAppTests" */;
			buildPhases = (
				DFE240AE2337366D008DAC8B /* Sources */,
				DFE240AF2337366D008DAC8B /* Frameworks */,
				DFE240B02337366D008DAC8B /* Resources */,
			);
			buildRules = (
			);
			dependencies = (
				DFE240B42337366D008DAC8B /* PBXTargetDependency */,
			);
			name = DemoAppTests;
			productName = DemoAppTests;
			productReference = DFE240B22337366D008DAC8B /* DemoAppTests.xctest */;
			productType = "com.apple.product-type.bundle.unit-test";
		};
		DFE240BC2337366D008DAC8B /* DemoAppUITests */ = {
			isa = PBXNativeTarget;
			buildConfigurationList = DFE240CC2337366D008DAC8B /* Build configuration list for PBXNativeTarget "DemoAppUITests" */;
			buildPhases = (
				DFE240B92337366D008DAC8B /* Sources */,
				DFE240BA2337366D008DAC8B /* Frameworks */,
				DFE240BB2337366D008DAC8B /* Resources */,
			);
			buildRules = (
			);
			dependencies = (
				DFE240BF2337366D008DAC8B /* PBXTargetDependency */,
			);
			name = DemoAppUITests;
			productName = DemoAppUITests;
			productReference = DFE240BD2337366D008DAC8B /* DemoAppUITests.xctest */;
			productType = "com.apple.product-type.bundle.ui-testing";
		};
/* End PBXNativeTarget section */

/* Begin PBXProject section */
		DFE2409423373657008DAC8B /* Project object */ = {
			isa = PBXProject;
			attributes = {
				LastSwiftUpdateCheck = 1100;
				LastUpgradeCheck = 1100;
				ORGANIZATIONNAME = "Kaushlendra Yadav";
				TargetAttributes = {
					DFE2409B23373658008DAC8B = {
						CreatedOnToolsVersion = 11.0;
					};
					DFE240B12337366D008DAC8B = {
						CreatedOnToolsVersion = 11.0;
						TestTargetID = DFE2409B23373658008DAC8B;
					};
					DFE240BC2337366D008DAC8B = {
						CreatedOnToolsVersion = 11.0;
						TestTargetID = DFE2409B23373658008DAC8B;
					};
				};
			};
			buildConfigurationList = DFE2409723373657008DAC8B /* Build configuration list for PBXProject "DemoApp" */;
			compatibilityVersion = "Xcode 9.3";
			developmentRegion = en;
			hasScannedForEncodings = 0;
			knownRegions = (
				en,
				Base,
			);
			mainGroup = DFE2409323373657008DAC8B;
			productRefGroup = DFE2409D23373658008DAC8B /* Products */;
			projectDirPath = "";
			projectRoot = "";
			targets = (
				DFE2409B23373658008DAC8B /* DemoApp */,
				DFE240B12337366D008DAC8B /* DemoAppTests */,
				DFE240BC2337366D008DAC8B /* DemoAppUITests */,
			);
		};
/* End PBXProject section */

/* Begin PBXResourcesBuildPhase section */
		DFE2409A23373658008DAC8B /* Resources */ = {
			isa = PBXResourcesBuildPhase;
			buildActionMask = 2147483647;
			files = (
				DFE240AC2337366C008DAC8B /* LaunchScreen.storyboard in Resources */,
				DFE240A92337366C008DAC8B /* Preview Assets.xcassets in Resources */,
				F54DA6F3233A2F7A00D3182F /* menu.json in Resources */,
				DFE240A62337366C008DAC8B /* Assets.xcassets in Resources */,
			);
			runOnlyForDeploymentPostprocessing = 0;
		};
		DFE240B02337366D008DAC8B /* Resources */ = {
			isa = PBXResourcesBuildPhase;
			buildActionMask = 2147483647;
			files = (
			);
			runOnlyForDeploymentPostprocessing = 0;
		};
		DFE240BB2337366D008DAC8B /* Resources */ = {
			isa = PBXResourcesBuildPhase;
			buildActionMask = 2147483647;
			files = (
			);
			runOnlyForDeploymentPostprocessing = 0;
		};
/* End PBXResourcesBuildPhase section */

/* Begin PBXSourcesBuildPhase section */
		DFE2409823373658008DAC8B /* Sources */ = {
			isa = PBXSourcesBuildPhase;
			buildActionMask = 2147483647;
			files = (
				F54DA6F1233A2F7A00D3182F /* Menu.swift in Sources */,
				F54DA6FB233B3F8200D3182F /* CheckoutView.swift in Sources */,
				DFE240A023373658008DAC8B /* AppDelegate.swift in Sources */,
				DFE240A223373658008DAC8B /* SceneDelegate.swift in Sources */,
				F54DA6ED233A2F5D00D3182F /* Helper.swift in Sources */,
				F54DA6EB233A040500D3182F /* ItemRow.swift in Sources */,
				F54DA6F5233B2C6F00D3182F /* ItemDetail.swift in Sources */,
				F54DA6F7233B3BC300D3182F /* OrderView.swift in Sources */,
				DFE240A423373659008DAC8B /* ContentView.swift in Sources */,
				F54DA6F9233B3DC100D3182F /* AppView.swift in Sources */,
				F54DA6F2233A2F7A00D3182F /* Order.swift in Sources */,
			);
			runOnlyForDeploymentPostprocessing = 0;
		};
		DFE240AE2337366D008DAC8B /* Sources */ = {
			isa = PBXSourcesBuildPhase;
			buildActionMask = 2147483647;
			files = (
				DFE240B72337366D008DAC8B /* DemoAppTests.swift in Sources */,
			);
			runOnlyForDeploymentPostprocessing = 0;
		};
		DFE240B92337366D008DAC8B /* Sources */ = {
			isa = PBXSourcesBuildPhase;
			buildActionMask = 2147483647;
			files = (
				DFE240C22337366D008DAC8B /* DemoAppUITests.swift in Sources */,
			);
			runOnlyForDeploymentPostprocessing = 0;
		};
/* End PBXSourcesBuildPhase section */

/* Begin PBXTargetDependency section */
		DFE240B42337366D008DAC8B /* PBXTargetDependency */ = {
			isa = PBXTargetDependency;
			target = DFE2409B23373658008DAC8B /* DemoApp */;
			targetProxy = DFE240B32337366D008DAC8B /* PBXContainerItemProxy */;
		};
		DFE240BF2337366D008DAC8B /* PBXTargetDependency */ = {
			isa = PBXTargetDependency;
			target = DFE2409B23373658008DAC8B /* DemoApp */;
			targetProxy = DFE240BE2337366D008DAC8B /* PBXContainerItemProxy */;
		};
/* End PBXTargetDependency section */

/* Begin PBXVariantGroup section */
		DFE240AA2337366C008DAC8B /* LaunchScreen.storyboard */ = {
			isa = PBXVariantGroup;
			children = (
				DFE240AB2337366C008DAC8B /* Base */,
			);
			name = LaunchScreen.storyboard;
			sourceTree = "<group>";
		};
/* End PBXVariantGroup section */

/* Begin XCBuildConfiguration section */
		DFE240C42337366D008DAC8B /* Debug */ = {
			isa = XCBuildConfiguration;
			buildSettings = {
				ALWAYS_SEARCH_USER_PATHS = NO;
				CLANG_ANALYZER_NONNULL = YES;
				CLANG_ANALYZER_NUMBER_OBJECT_CONVERSION = YES_AGGRESSIVE;
				CLANG_CXX_LANGUAGE_STANDARD = "gnu++14";
				CLANG_CXX_LIBRARY = "libc++";
				CLANG_ENABLE_MODULES = YES;
				CLANG_ENABLE_OBJC_ARC = YES;
				CLANG_ENABLE_OBJC_WEAK = YES;
				CLANG_WARN_BLOCK_CAPTURE_AUTORELEASING = YES;
				CLANG_WARN_BOOL_CONVERSION = YES;
				CLANG_WARN_COMMA = YES;
				CLANG_WARN_CONSTANT_CONVERSION = YES;
				CLANG_WARN_DEPRECATED_OBJC_IMPLEMENTATIONS = YES;
				CLANG_WARN_DIRECT_OBJC_ISA_USAGE = YES_ERROR;
				CLANG_WARN_DOCUMENTATION_COMMENTS = YES;
				CLANG_WARN_EMPTY_BODY = YES;
				CLANG_WARN_ENUM_CONVERSION = YES;
				CLANG_WARN_INFINITE_RECURSION = YES;
				CLANG_WARN_INT_CONVERSION = YES;
				CLANG_WARN_NON_LITERAL_NULL_CONVERSION = YES;
				CLANG_WARN_OBJC_IMPLICIT_RETAIN_SELF = YES;
				CLANG_WARN_OBJC_LITERAL_CONVERSION = YES;
				CLANG_WARN_OBJC_ROOT_CLASS = YES_ERROR;
				CLANG_WARN_RANGE_LOOP_ANALYSIS = YES;
				CLANG_WARN_STRICT_PROTOTYPES = YES;
				CLANG_WARN_SUSPICIOUS_MOVE = YES;
				CLANG_WARN_UNGUARDED_AVAILABILITY = YES_AGGRESSIVE;
				CLANG_WARN_UNREACHABLE_CODE = YES;
				CLANG_WARN__DUPLICATE_METHOD_MATCH = YES;
				COPY_PHASE_STRIP = NO;
				DEBUG_INFORMATION_FORMAT = dwarf;
				ENABLE_STRICT_OBJC_MSGSEND = YES;
				ENABLE_TESTABILITY = YES;
				GCC_C_LANGUAGE_STANDARD = gnu11;
				GCC_DYNAMIC_NO_PIC = NO;
				GCC_NO_COMMON_BLOCKS = YES;
				GCC_OPTIMIZATION_LEVEL = 0;
				GCC_PREPROCESSOR_DEFINITIONS = (
					"DEBUG=1",
					"$(inherited)",
				);
				GCC_WARN_64_TO_32_BIT_CONVERSION = YES;
				GCC_WARN_ABOUT_RETURN_TYPE = YES_ERROR;
				GCC_WARN_UNDECLARED_SELECTOR = YES;
				GCC_WARN_UNINITIALIZED_AUTOS = YES_AGGRESSIVE;
				GCC_WARN_UNUSED_FUNCTION = YES;
				GCC_WARN_UNUSED_VARIABLE = YES;
				IPHONEOS_DEPLOYMENT_TARGET = 13.0;
				MTL_ENABLE_DEBUG_INFO = INCLUDE_SOURCE;
				MTL_FAST_MATH = YES;
				ONLY_ACTIVE_ARCH = YES;
				SDKROOT = iphoneos;
				SWIFT_ACTIVE_COMPILATION_CONDITIONS = DEBUG;
				SWIFT_OPTIMIZATION_LEVEL = "-Onone";
			};
			name = Debug;
		};
		DFE240C52337366D008DAC8B /* Release */ = {
			isa = XCBuildConfiguration;
			buildSettings = {
				ALWAYS_SEARCH_USER_PATHS = NO;
				CLANG_ANALYZER_NONNULL = YES;
				CLANG_ANALYZER_NUMBER_OBJECT_CONVERSION = YES_AGGRESSIVE;
				CLANG_CXX_LANGUAGE_STANDARD = "gnu++14";
				CLANG_CXX_LIBRARY = "libc++";
				CLANG_ENABLE_MODULES = YES;
				CLANG_ENABLE_OBJC_ARC = YES;
				CLANG_ENABLE_OBJC_WEAK = YES;
				CLANG_WARN_BLOCK_CAPTURE_AUTORELEASING = YES;
				CLANG_WARN_BOOL_CONVERSION = YES;
				CLANG_WARN_COMMA = YES;
				CLANG_WARN_CONSTANT_CONVERSION = YES;
				CLANG_WARN_DEPRECATED_OBJC_IMPLEMENTATIONS = YES;
				CLANG_WARN_DIRECT_OBJC_ISA_USAGE = YES_ERROR;
				CLANG_WARN_DOCUMENTATION_COMMENTS = YES;
				CLANG_WARN_EMPTY_BODY = YES;
				CLANG_WARN_ENUM_CONVERSION = YES;
				CLANG_WARN_INFINITE_RECURSION = YES;
				CLANG_WARN_INT_CONVERSION = YES;
				CLANG_WARN_NON_LITERAL_NULL_CONVERSION = YES;
				CLANG_WARN_OBJC_IMPLICIT_RETAIN_SELF = YES;
				CLANG_WARN_OBJC_LITERAL_CONVERSION = YES;
				CLANG_WARN_OBJC_ROOT_CLASS = YES_ERROR;
				CLANG_WARN_RANGE_LOOP_ANALYSIS = YES;
				CLANG_WARN_STRICT_PROTOTYPES = YES;
				CLANG_WARN_SUSPICIOUS_MOVE = YES;
				CLANG_WARN_UNGUARDED_AVAILABILITY = YES_AGGRESSIVE;
				CLANG_WARN_UNREACHABLE_CODE = YES;
				CLANG_WARN__DUPLICATE_METHOD_MATCH = YES;
				COPY_PHASE_STRIP = NO;
				DEBUG_INFORMATION_FORMAT = "dwarf-with-dsym";
				ENABLE_NS_ASSERTIONS = NO;
				ENABLE_STRICT_OBJC_MSGSEND = YES;
				GCC_C_LANGUAGE_STANDARD = gnu11;
				GCC_NO_COMMON_BLOCKS = YES;
				GCC_WARN_64_TO_32_BIT_CONVERSION = YES;
				GCC_WARN_ABOUT_RETURN_TYPE = YES_ERROR;
				GCC_WARN_UNDECLARED_SELECTOR = YES;
				GCC_WARN_UNINITIALIZED_AUTOS = YES_AGGRESSIVE;
				GCC_WARN_UNUSED_FUNCTION = YES;
				GCC_WARN_UNUSED_VARIABLE = YES;
				IPHONEOS_DEPLOYMENT_TARGET = 13.0;
				MTL_ENABLE_DEBUG_INFO = NO;
				MTL_FAST_MATH = YES;
				SDKROOT = iphoneos;
				SWIFT_COMPILATION_MODE = wholemodule;
				SWIFT_OPTIMIZATION_LEVEL = "-O";
				VALIDATE_PRODUCT = YES;
			};
			name = Release;
		};
		DFE240C72337366D008DAC8B /* Debug */ = {
			isa = XCBuildConfiguration;
			buildSettings = {
				ASSETCATALOG_COMPILER_APPICON_NAME = AppIcon;
				CODE_SIGN_STYLE = Automatic;
				DEVELOPMENT_ASSET_PATHS = "\"DemoApp/Preview Content\"";
				DEVELOPMENT_TEAM = HSNVSPL7V2;
				ENABLE_PREVIEWS = YES;
				INFOPLIST_FILE = DemoApp/Info.plist;
				LD_RUNPATH_SEARCH_PATHS = (
					"$(inherited)",
					"@executable_path/Frameworks",
				);
				PRODUCT_BUNDLE_IDENTIFIER = com.testingApp.demo;
				PRODUCT_NAME = "$(TARGET_NAME)";
				SWIFT_VERSION = 5.0;
				TARGETED_DEVICE_FAMILY = "1,2";
			};
			name = Debug;
		};
		DFE240C82337366D008DAC8B /* Release */ = {
			isa = XCBuildConfiguration;
			buildSettings = {
				ASSETCATALOG_COMPILER_APPICON_NAME = AppIcon;
				CODE_SIGN_STYLE = Automatic;
				DEVELOPMENT_ASSET_PATHS = "\"DemoApp/Preview Content\"";
				DEVELOPMENT_TEAM = HSNVSPL7V2;
				ENABLE_PREVIEWS = YES;
				INFOPLIST_FILE = DemoApp/Info.plist;
				LD_RUNPATH_SEARCH_PATHS = (
					"$(inherited)",
					"@executable_path/Frameworks",
				);
				PRODUCT_BUNDLE_IDENTIFIER = com.testingApp.demo;
				PRODUCT_NAME = "$(TARGET_NAME)";
				SWIFT_VERSION = 5.0;
				TARGETED_DEVICE_FAMILY = "1,2";
			};
			name = Release;
		};
		DFE240CA2337366D008DAC8B /* Debug */ = {
			isa = XCBuildConfiguration;
			buildSettings = {
				ALWAYS_EMBED_SWIFT_STANDARD_LIBRARIES = YES;
				BUNDLE_LOADER = "$(TEST_HOST)";
				CODE_SIGN_STYLE = Automatic;
				DEVELOPMENT_TEAM = K2U66YKT7P;
				INFOPLIST_FILE = DemoAppTests/Info.plist;
				IPHONEOS_DEPLOYMENT_TARGET = 13.0;
				LD_RUNPATH_SEARCH_PATHS = (
					"$(inherited)",
					"@executable_path/Frameworks",
					"@loader_path/Frameworks",
				);
				PRODUCT_BUNDLE_IDENTIFIER = com.testingapp.demo.DemoAppTests;
				PRODUCT_NAME = "$(TARGET_NAME)";
				SWIFT_VERSION = 5.0;
				TARGETED_DEVICE_FAMILY = "1,2";
				TEST_HOST = "$(BUILT_PRODUCTS_DIR)/DemoApp.app/DemoApp";
			};
			name = Debug;
		};
		DFE240CB2337366D008DAC8B /* Release */ = {
			isa = XCBuildConfiguration;
			buildSettings = {
				ALWAYS_EMBED_SWIFT_STANDARD_LIBRARIES = YES;
				BUNDLE_LOADER = "$(TEST_HOST)";
				CODE_SIGN_STYLE = Automatic;
				DEVELOPMENT_TEAM = K2U66YKT7P;
				INFOPLIST_FILE = DemoAppTests/Info.plist;
				IPHONEOS_DEPLOYMENT_TARGET = 13.0;
				LD_RUNPATH_SEARCH_PATHS = (
					"$(inherited)",
					"@executable_path/Frameworks",
					"@loader_path/Frameworks",
				);
				PRODUCT_BUNDLE_IDENTIFIER = com.testingapp.demo.DemoAppTests;
				PRODUCT_NAME = "$(TARGET_NAME)";
				SWIFT_VERSION = 5.0;
				TARGETED_DEVICE_FAMILY = "1,2";
				TEST_HOST = "$(BUILT_PRODUCTS_DIR)/DemoApp.app/DemoApp";
			};
			name = Release;
		};
		DFE240CD2337366D008DAC8B /* Debug */ = {
			isa = XCBuildConfiguration;
			buildSettings = {
				ALWAYS_EMBED_SWIFT_STANDARD_LIBRARIES = YES;
				CODE_SIGN_STYLE = Automatic;
				DEVELOPMENT_TEAM = K2U66YKT7P;
				INFOPLIST_FILE = DemoAppUITests/Info.plist;
				LD_RUNPATH_SEARCH_PATHS = (
					"$(inherited)",
					"@executable_path/Frameworks",
					"@loader_path/Frameworks",
				);
				PRODUCT_BUNDLE_IDENTIFIER = com.testingapp.demo.DemoAppUITests;
				PRODUCT_NAME = "$(TARGET_NAME)";
				SWIFT_VERSION = 5.0;
				TARGETED_DEVICE_FAMILY = "1,2";
				TEST_TARGET_NAME = DemoApp;
			};
			name = Debug;
		};
		DFE240CE2337366D008DAC8B /* Release */ = {
			isa = XCBuildConfiguration;
			buildSettings = {
				ALWAYS_EMBED_SWIFT_STANDARD_LIBRARIES = YES;
				CODE_SIGN_STYLE = Automatic;
				DEVELOPMENT_TEAM = K2U66YKT7P;
				INFOPLIST_FILE = DemoAppUITests/Info.plist;
				LD_RUNPATH_SEARCH_PATHS = (
					"$(inherited)",
					"@executable_path/Frameworks",
					"@loader_path/Frameworks",
				);
				PRODUCT_BUNDLE_IDENTIFIER = com.testingapp.demo.DemoAppUITests;
				PRODUCT_NAME = "$(TARGET_NAME)";
				SWIFT_VERSION = 5.0;
				TARGETED_DEVICE_FAMILY = "1,2";
				TEST_TARGET_NAME = DemoApp;
			};
			name = Release;
		};
/* End XCBuildConfiguration section */

/* Begin XCConfigurationList section */
		DFE2409723373657008DAC8B /* Build configuration list for PBXProject "DemoApp" */ = {
			isa = XCConfigurationList;
			buildConfigurations = (
				DFE240C42337366D008DAC8B /* Debug */,
				DFE240C52337366D008DAC8B /* Release */,
			);
			defaultConfigurationIsVisible = 0;
			defaultConfigurationName = Release;
		};
		DFE240C62337366D008DAC8B /* Build configuration list for PBXNativeTarget "DemoApp" */ = {
			isa = XCConfigurationList;
			buildConfigurations = (
				DFE240C72337366D008DAC8B /* Debug */,
				DFE240C82337366D008DAC8B /* Release */,
			);
			defaultConfigurationIsVisible = 0;
			defaultConfigurationName = Release;
		};
		DFE240C92337366D008DAC8B /* Build configuration list for PBXNativeTarget "DemoAppTests" */ = {
			isa = XCConfigurationList;
			buildConfigurations = (
				DFE240CA2337366D008DAC8B /* Debug */,
				DFE240CB2337366D008DAC8B /* Release */,
			);
			defaultConfigurationIsVisible = 0;
			defaultConfigurationName = Release;
		};
		DFE240CC2337366D008DAC8B /* Build configuration list for PBXNativeTarget "DemoAppUITests" */ = {
			isa = XCConfigurationList;
			buildConfigurations = (
				DFE240CD2337366D008DAC8B /* Debug */,
				DFE240CE2337366D008DAC8B /* Release */,
			);
			defaultConfigurationIsVisible = 0;
			defaultConfigurationName = Release;
		};
/* End XCConfigurationList section */
	};
	rootObject = DFE2409423373657008DAC8B /* Project object */;
}
